
Microsoft Visual Studio Solution File, Format Version 12.00
# Visual Studio Version 16
VisualStudioVersion = 16.0.29215.179
MinimumVisualStudioVersion = 10.0.40219.1
Project("{FAE04EC0-301F-11D3-BF4B-00C04F79EFBC}") = "RaceGamewithBet", "RaceGamewithBet\RaceGamewithBet.csproj", "{D9F20216-6B58-4A38-B5F5-985E95AF9AB8}"
EndProject
Project("{FAE04EC0-301F-11D3-BF4B-00C04F79EFBC}") = "RaceGamewithBetTests", "RaceGamewithBetTests\RaceGamewithBetTests.csproj", "{33E52EEF-9AF7-44D8-965D-29AD4EC1935A}"
EndProject
Global
	GlobalSection(SolutionConfigurationPlatforms) = preSolution
		Debug|Any CPU = Debug|Any CPU
		Debug|x86 = Debug|x86
		Release|Any CPU = Release|Any CPU
		Release|x86 = Release|x86
	EndGlobalSection
	GlobalSection(ProjectConfigurationPlatforms) = postSolution
		{D9F20216-6B58-4A38-B5F5-985E95AF9AB8}.Debug|Any CPU.ActiveCfg = Debug|Any CPU
		{D9F20216-6B58-4A38-B5F5-985E95AF9AB8}.Debug|x86.ActiveCfg = Debug|Any CPU
		{D9F20216-6B58-4A38-B5F5-985E95AF9AB8}.Debug|x86.Build.0 = Debug|Any CPU
		{D9F20216-6B58-4A38-B5F5-985E95AF9AB8}.Release|Any CPU.ActiveCfg = Release|Any CPU
		{D9F20216-6B58-4A38-B5F5-985E95AF9AB8}.Release|Any CPU.Build.0 = Release|Any CPU
		{D9F20216-6B58-4A38-B5F5-985E95AF9AB8}.Release|x86.ActiveCfg = Release|Any CPU
		{D9F20216-6B58-4A38-B5F5-985E95AF9AB8}.Release|x86.Build.0 = Release|Any CPU
		{33E52EEF-9AF7-44D8-965D-29AD4EC1935A}.Debug|Any CPU.ActiveCfg = Debug|Any CPU
		{33E52EEF-9AF7-44D8-965D-29AD4EC1935A}.Debug|Any CPU.Build.0 = Debug|Any CPU
		{33E52EEF-9AF7-44D8-965D-29AD4EC1935A}.Debug|x86.ActiveCfg = Debug|Any CPU
		{33E52EEF-9AF7-44D8-965D-29AD4EC1935A}.Debug|x86.Build.0 = Debug|Any CPU
		{33E52EEF-9AF7-44D8-965D-29AD4EC1935A}.Release|Any CPU.ActiveCfg = Release|Any CPU
		{33E52EEF-9AF7-44D8-965D-29AD4EC1935A}.Release|Any CPU.Build.0 = Release|Any CPU
		{33E52EEF-9AF7-44D8-965D-29AD4EC1935A}.Release|x86.ActiveCfg = Release|Any CPU
		{33E52EEF-9AF7-44D8-965D-29AD4EC1935A}.Release|x86.Build.0 = Release|Any CPU
	EndGlobalSection
	GlobalSection(SolutionProperties) = preSolution
		HideSolutionNode = FALSE
	EndGlobalSection
	GlobalSection(ExtensibilityGlobals) = postSolution
		SolutionGuid = {491E67EF-867D-4DB6-A759-5AA450C246A6}
	EndGlobalSection
EndGlobal
